// !$*UTF8*$!
{
	archiveVersion = 1;
	classes = {
	};
	objectVersion = 50;
	objects = {

/* Begin PBXBuildFile section */
		1567FDA4243EFE3800047312 /* AppDelegate.m in Sources */ = {isa = PBXBuildFile; fileRef = 1567FDA3243EFE3800047312 /* AppDelegate.m */; };
		1567FDA7243EFE3800047312 /* SceneDelegate.m in Sources */ = {isa = PBXBuildFile; fileRef = 1567FDA6243EFE3800047312 /* SceneDelegate.m */; };
		1567FDAA243EFE3800047312 /* ViewController.m in Sources */ = {isa = PBXBuildFile; fileRef = 1567FDA9243EFE3800047312 /* ViewController.m */; };
		1567FDAD243EFE3800047312 /* Main.storyboard in Resources */ = {isa = PBXBuildFile; fileRef = 1567FDAB243EFE3800047312 /* Main.storyboard */; };
		1567FDAF243EFE3A00047312 /* Assets.xcassets in Resources */ = {isa = PBXBuildFile; fileRef = 1567FDAE243EFE3A00047312 /* Assets.xcassets */; };
		1567FDB2243EFE3A00047312 /* LaunchScreen.storyboard in Resources */ = {isa = PBXBuildFile; fileRef = 1567FDB0243EFE3A00047312 /* LaunchScreen.storyboard */; };
		1567FDB5243EFE3A00047312 /* main.m in Sources */ = {isa = PBXBuildFile; fileRef = 1567FDB4243EFE3A00047312 /* main.m */; };
		1567FDC1243EFE7D00047312 /* BUAdSDK.bundle in Resources */ = {isa = PBXBuildFile; fileRef = 1567FDC0243EFE7D00047312 /* BUAdSDK.bundle */; };
		1567FDC4243F03BF00047312 /* YLChnAdSDK.framework in Frameworks */ = {isa = PBXBuildFile; fileRef = 1567FDC2243F03A300047312 /* YLChnAdSDK.framework */; };
		1567FDC5243F03BF00047312 /* YLChnAdSDK.framework in Embed Frameworks */ = {isa = PBXBuildFile; fileRef = 1567FDC2243F03A300047312 /* YLChnAdSDK.framework */; settings = {ATTRIBUTES = (CodeSignOnCopy, RemoveHeadersOnCopy, ); }; };
/* End PBXBuildFile section */

/* Begin PBXCopyFilesBuildPhase section */
		1567FDBF243EFE7300047312 /* Embed Frameworks */ = {
			isa = PBXCopyFilesBuildPhase;
			buildActionMask = 2147483647;
			dstPath = "";
			dstSubfolderSpec = 10;
			files = (
				1567FDC5243F03BF00047312 /* YLChnAdSDK.framework in Embed Frameworks */,
			);
			name = "Embed Frameworks";
			runOnlyForDeploymentPostprocessing = 0;
		};
/* End PBXCopyFilesBuildPhase section */

/* Begin PBXFileReference section */
		1567FD9F243EFE3800047312 /* ChainAdSdkDemo.app */ = {isa = PBXFileReference; explicitFileType = wrapper.application; includeInIndex = 0; path = ChainAdSdkDemo.app; sourceTree = BUILT_PRODUCTS_DIR; };
		1567FDA2243EFE3800047312 /* AppDelegate.h */ = {isa = PBXFileReference; lastKnownFileType = sourcecode.c.h; path = AppDelegate.h; sourceTree = "<group>"; };
		1567FDA3243EFE3800047312 /* AppDelegate.m */ = {isa = PBXFileReference; lastKnownFileType = sourcecode.c.objc; path = AppDelegate.m; sourceTree = "<group>"; };
		1567FDA5243EFE3800047312 /* SceneDelegate.h */ = {isa = PBXFileReference; lastKnownFileType = sourcecode.c.h; path = SceneDelegate.h; sourceTree = "<group>"; };
		1567FDA6243EFE3800047312 /* SceneDelegate.m */ = {isa = PBXFileReference; lastKnownFileType = sourcecode.c.objc; path = SceneDelegate.m; sourceTree = "<group>"; };
		1567FDA8243EFE3800047312 /* ViewController.h */ = {isa = PBXFileReference; lastKnownFileType = sourcecode.c.h; path = ViewController.h; sourceTree = "<group>"; };
		1567FDA9243EFE3800047312 /* ViewController.m */ = {isa = PBXFileReference; lastKnownFileType = sourcecode.c.objc; path = ViewController.m; sourceTree = "<group>"; };
		1567FDAC243EFE3800047312 /* Base */ = {isa = PBXFileReference; lastKnownFileType = file.storyboard; name = Base; path = Base.lproj/Main.storyboard; sourceTree = "<group>"; };
		1567FDAE243EFE3A00047312 /* Assets.xcassets */ = {isa = PBXFileReference; lastKnownFileType = folder.assetcatalog; path = Assets.xcassets; sourceTree = "<group>"; };
		1567FDB1243EFE3A00047312 /* Base */ = {isa = PBXFileReference; lastKnownFileType = file.storyboard; name = Base; path = Base.lproj/LaunchScreen.storyboard; sourceTree = "<group>"; };
		1567FDB3243EFE3A00047312 /* Info.plist */ = {isa = PBXFileReference; lastKnownFileType = text.plist.xml; path = Info.plist; sourceTree = "<group>"; };
		1567FDB4243EFE3A00047312 /* main.m */ = {isa = PBXFileReference; lastKnownFileType = sourcecode.c.objc; path = main.m; sourceTree = "<group>"; };
		1567FDC0243EFE7D00047312 /* BUAdSDK.bundle */ = {isa = PBXFileReference; lastKnownFileType = "wrapper.plug-in"; name = BUAdSDK.bundle; path = YLChnAdSDK.framework/BUAdSDK.bundle; sourceTree = "<group>"; };
		1567FDC2243F03A300047312 /* YLChnAdSDK.framework */ = {isa = PBXFileReference; lastKnownFileType = wrapper.framework; path = YLChnAdSDK.framework; sourceTree = "<group>"; };
		1568835524400FD6008FBF4B /* ChainAdSdkDemo.entitlements */ = {isa = PBXFileReference; lastKnownFileType = text.plist.entitlements; path = ChainAdSdkDemo.entitlements; sourceTree = "<group>"; };
/* End PBXFileReference section */

/* Begin PBXFrameworksBuildPhase section */
		1567FD9C243EFE3800047312 /* Frameworks */ = {
			isa = PBXFrameworksBuildPhase;
			buildActionMask = 2147483647;
			files = (
				1567FDC4243F03BF00047312 /* YLChnAdSDK.framework in Frameworks */,
			);
			runOnlyForDeploymentPostprocessing = 0;
		};
/* End PBXFrameworksBuildPhase section */

/* Begin PBXGroup section */
		1567FD96243EFE3800047312 = {
			isa = PBXGroup;
			children = (
				1567FDA1243EFE3800047312 /* ChainAdSdkDemo */,
				1567FDA0243EFE3800047312 /* Products */,
			);
			sourceTree = "<group>";
		};
		1567FDA0243EFE3800047312 /* Products */ = {
			isa = PBXGroup;
			children = (
				1567FD9F243EFE3800047312 /* ChainAdSdkDemo.app */,
			);
			name = Products;
			sourceTree = "<group>";
		};
		1567FDA1243EFE3800047312 /* ChainAdSdkDemo */ = {
			isa = PBXGroup;
			children = (
				1568835524400FD6008FBF4B /* ChainAdSdkDemo.entitlements */,
				1567FDA2243EFE3800047312 /* AppDelegate.h */,
				1567FDA3243EFE3800047312 /* AppDelegate.m */,
				1567FDA5243EFE3800047312 /* SceneDelegate.h */,
				1567FDA6243EFE3800047312 /* SceneDelegate.m */,
				1567FDA8243EFE3800047312 /* ViewController.h */,
				1567FDA9243EFE3800047312 /* ViewController.m */,
				1567FDAB243EFE3800047312 /* Main.storyboard */,
				1567FDAE243EFE3A00047312 /* Assets.xcassets */,
				1567FDB0243EFE3A00047312 /* LaunchScreen.storyboard */,
				1567FDB3243EFE3A00047312 /* Info.plist */,
				1567FDB4243EFE3A00047312 /* main.m */,
				1567FDC2243F03A300047312 /* YLChnAdSDK.framework */,
				1567FDC0243EFE7D00047312 /* BUAdSDK.bundle */,
			);
			path = ChainAdSdkDemo;
			sourceTree = "<group>";
		};
/* End PBXGroup section */

/* Begin PBXNativeTarget section */
		1567FD9E243EFE3800047312 /* ChainAdSdkDemo */ = {
			isa = PBXNativeTarget;
			buildConfigurationList = 1567FDB8243EFE3A00047312 /* Build configuration list for PBXNativeTarget "ChainAdSdkDemo" */;
			buildPhases = (
				1567FD9B243EFE3800047312 /* Sources */,
				1567FD9C243EFE3800047312 /* Frameworks */,
				1567FD9D243EFE3800047312 /* Resources */,
				1567FDBF243EFE7300047312 /* Embed Frameworks */,
			);
			buildRules = (
			);
			dependencies = (
			);
			name = ChainAdSdkDemo;
			productName = ChainAdSdkDemo;
			productReference = 1567FD9F243EFE3800047312 /* ChainAdSdkDemo.app */;
			productType = "com.apple.product-type.application";
		};
/* End PBXNativeTarget section */

/* Begin PBXProject section */
		1567FD97243EFE3800047312 /* Project object */ = {
			isa = PBXProject;
			attributes = {
				LastUpgradeCheck = 1130;
				ORGANIZATIONNAME = com.youloft.cq;
				TargetAttributes = {
					1567FD9E243EFE3800047312 = {
						CreatedOnToolsVersion = 11.3;
					};
				};
			};
			buildConfigurationList = 1567FD9A243EFE3800047312 /* Build configuration list for PBXProject "ChainAdSdkDemo" */;
			compatibilityVersion = "Xcode 9.3";
			developmentRegion = en;
			hasScannedForEncodings = 0;
			knownRegions = (
				en,
				Base,
			);
			mainGroup = 1567FD96243EFE3800047312;
			productRefGroup = 1567FDA0243EFE3800047312 /* Products */;
			projectDirPath = "";
			projectRoot = "";
			targets = (
				1567FD9E243EFE3800047312 /* ChainAdSdkDemo */,
			);
		};
/* End PBXProject section */

/* Begin PBXResourcesBuildPhase section */
		1567FD9D243EFE3800047312 /* Resources */ = {
			isa = PBXResourcesBuildPhase;
			buildActionMask = 2147483647;
			files = (
				1567FDC1243EFE7D00047312 /* BUAdSDK.bundle in Resources */,
				1567FDB2243EFE3A00047312 /* LaunchScreen.storyboard in Resources */,
				1567FDAF243EFE3A00047312 /* Assets.xcassets in Resources */,
				1567FDAD243EFE3800047312 /* Main.storyboard in Resources */,
			);
			runOnlyForDeploymentPostprocessing = 0;
		};
/* End PBXResourcesBuildPhase section */

/* Begin PBXSourcesBuildPhase section */
		1567FD9B243EFE3800047312 /* Sources */ = {
			isa = PBXSourcesBuildPhase;
			buildActionMask = 2147483647;
			files = (
				1567FDAA243EFE3800047312 /* ViewController.m in Sources */,
				1567FDA4243EFE3800047312 /* AppDelegate.m in Sources */,
				1567FDB5243EFE3A00047312 /* main.m in Sources */,
				1567FDA7243EFE3800047312 /* SceneDelegate.m in Sources */,
			);
			runOnlyForDeploymentPostprocessing = 0;
		};
/* End PBXSourcesBuildPhase section */

/* Begin PBXVariantGroup section */
		1567FDAB243EFE3800047312 /* Main.storyboard */ = {
			isa = PBXVariantGroup;
			children = (
				1567FDAC243EFE3800047312 /* Base */,
			);
			name = Main.storyboard;
			sourceTree = "<group>";
		};
		1567FDB0243EFE3A00047312 /* LaunchScreen.storyboard */ = {
			isa = PBXVariantGroup;
			children = (
				1567FDB1243EFE3A00047312 /* Base */,
			);
			name = LaunchScreen.storyboard;
			sourceTree = "<group>";
		};
/* End PBXVariantGroup section */

/* Begin XCBuildConfiguration section */
		1567FDB6243EFE3A00047312 /* Debug */ = {
			isa = XCBuildConfiguration;
			buildSettings = {
				ALWAYS_SEARCH_USER_PATHS = NO;
				CLANG_ANALYZER_NONNULL = YES;
				CLANG_ANALYZER_NUMBER_OBJECT_CONVERSION = YES_AGGRESSIVE;
				CLANG_CXX_LANGUAGE_STANDARD = "gnu++14";
				CLANG_CXX_LIBRARY = "libc++";
				CLANG_ENABLE_MODULES = YES;
				CLANG_ENABLE_OBJC_ARC = YES;
				CLANG_ENABLE_OBJC_WEAK = YES;
				CLANG_WARN_BLOCK_CAPTURE_AUTORELEASING = YES;
				CLANG_WARN_BOOL_CONVERSION = YES;
				CLANG_WARN_COMMA = YES;
				CLANG_WARN_CONSTANT_CONVERSION = YES;
				CLANG_WARN_DEPRECATED_OBJC_IMPLEMENTATIONS = YES;
				CLANG_WARN_DIRECT_OBJC_ISA_USAGE = YES_ERROR;
				CLANG_WARN_DOCUMENTATION_COMMENTS = YES;
				CLANG_WARN_EMPTY_BODY = YES;
				CLANG_WARN_ENUM_CONVERSION = YES;
				CLANG_WARN_INFINITE_RECURSION = YES;
				CLANG_WARN_INT_CONVERSION = YES;
				CLANG_WARN_NON_LITERAL_NULL_CONVERSION = YES;
				CLANG_WARN_OBJC_IMPLICIT_RETAIN_SELF = YES;
				CLANG_WARN_OBJC_LITERAL_CONVERSION = YES;
				CLANG_WARN_OBJC_ROOT_CLASS = YES_ERROR;
				CLANG_WARN_RANGE_LOOP_ANALYSIS = YES;
				CLANG_WARN_STRICT_PROTOTYPES = YES;
				CLANG_WARN_SUSPICIOUS_MOVE = YES;
				CLANG_WARN_UNGUARDED_AVAILABILITY = YES_AGGRESSIVE;
				CLANG_WARN_UNREACHABLE_CODE = YES;
				CLANG_WARN__DUPLICATE_METHOD_MATCH = YES;
				COPY_PHASE_STRIP = NO;
				DEBUG_INFORMATION_FORMAT = dwarf;
				ENABLE_STRICT_OBJC_MSGSEND = YES;
				ENABLE_TESTABILITY = YES;
				GCC_C_LANGUAGE_STANDARD = gnu11;
				GCC_DYNAMIC_NO_PIC = NO;
				GCC_NO_COMMON_BLOCKS = YES;
				GCC_OPTIMIZATION_LEVEL = 0;
				GCC_PREPROCESSOR_DEFINITIONS = (
					"DEBUG=1",
					"$(inherited)",
				);
				GCC_WARN_64_TO_32_BIT_CONVERSION = YES;
				GCC_WARN_ABOUT_RETURN_TYPE = YES_ERROR;
				GCC_WARN_UNDECLARED_SELECTOR = YES;
				GCC_WARN_UNINITIALIZED_AUTOS = YES_AGGRESSIVE;
				GCC_WARN_UNUSED_FUNCTION = YES;
				GCC_WARN_UNUSED_VARIABLE = YES;
				IPHONEOS_DEPLOYMENT_TARGET = 13.2;
				MTL_ENABLE_DEBUG_INFO = INCLUDE_SOURCE;
				MTL_FAST_MATH = YES;
				ONLY_ACTIVE_ARCH = YES;
				SDKROOT = iphoneos;
			};
			name = Debug;
		};
		1567FDB7243EFE3A00047312 /* Release */ = {
			isa = XCBuildConfiguration;
			buildSettings = {
				ALWAYS_SEARCH_USER_PATHS = NO;
				CLANG_ANALYZER_NONNULL = YES;
				CLANG_ANALYZER_NUMBER_OBJECT_CONVERSION = YES_AGGRESSIVE;
				CLANG_CXX_LANGUAGE_STANDARD = "gnu++14";
				CLANG_CXX_LIBRARY = "libc++";
				CLANG_ENABLE_MODULES = YES;
				CLANG_ENABLE_OBJC_ARC = YES;
				CLANG_ENABLE_OBJC_WEAK = YES;
				CLANG_WARN_BLOCK_CAPTURE_AUTORELEASING = YES;
				CLANG_WARN_BOOL_CONVERSION = YES;
				CLANG_WARN_COMMA = YES;
				CLANG_WARN_CONSTANT_CONVERSION = YES;
				CLANG_WARN_DEPRECATED_OBJC_IMPLEMENTATIONS = YES;
				CLANG_WARN_DIRECT_OBJC_ISA_USAGE = YES_ERROR;
				CLANG_WARN_DOCUMENTATION_COMMENTS = YES;
				CLANG_WARN_EMPTY_BODY = YES;
				CLANG_WARN_ENUM_CONVERSION = YES;
				CLANG_WARN_INFINITE_RECURSION = YES;
				CLANG_WARN_INT_CONVERSION = YES;
				CLANG_WARN_NON_LITERAL_NULL_CONVERSION = YES;
				CLANG_WARN_OBJC_IMPLICIT_RETAIN_SELF = YES;
				CLANG_WARN_OBJC_LITERAL_CONVERSION = YES;
				CLANG_WARN_OBJC_ROOT_CLASS = YES_ERROR;
				CLANG_WARN_RANGE_LOOP_ANALYSIS = YES;
				CLANG_WARN_STRICT_PROTOTYPES = YES;
				CLANG_WARN_SUSPICIOUS_MOVE = YES;
				CLANG_WARN_UNGUARDED_AVAILABILITY = YES_AGGRESSIVE;
				CLANG_WARN_UNREACHABLE_CODE = YES;
				CLANG_WARN__DUPLICATE_METHOD_MATCH = YES;
				COPY_PHASE_STRIP = NO;
				DEBUG_INFORMATION_FORMAT = "dwarf-with-dsym";
				ENABLE_NS_ASSERTIONS = NO;
				ENABLE_STRICT_OBJC_MSGSEND = YES;
				GCC_C_LANGUAGE_STANDARD = gnu11;
				GCC_NO_COMMON_BLOCKS = YES;
				GCC_WARN_64_TO_32_BIT_CONVERSION = YES;
				GCC_WARN_ABOUT_RETURN_TYPE = YES_ERROR;
				GCC_WARN_UNDECLARED_SELECTOR = YES;
				GCC_WARN_UNINITIALIZED_AUTOS = YES_AGGRESSIVE;
				GCC_WARN_UNUSED_FUNCTION = YES;
				GCC_WARN_UNUSED_VARIABLE = YES;
				IPHONEOS_DEPLOYMENT_TARGET = 13.2;
				MTL_ENABLE_DEBUG_INFO = NO;
				MTL_FAST_MATH = YES;
				SDKROOT = iphoneos;
				VALIDATE_PRODUCT = YES;
			};
			name = Release;
		};
		1567FDB9243EFE3A00047312 /* Debug */ = {
			isa = XCBuildConfiguration;
			buildSettings = {
				ASSETCATALOG_COMPILER_APPICON_NAME = AppIcon;
				CODE_SIGN_ENTITLEMENTS = ChainAdSdkDemo/ChainAdSdkDemo.entitlements;
				CODE_SIGN_STYLE = Automatic;
				DEVELOPMENT_TEAM = DJY6A9FX2H;
				ENABLE_BITCODE = YES;
				FRAMEWORK_SEARCH_PATHS = (
					"$(inherited)",
					"$(PROJECT_DIR)/ChainAdSdkDemo",
				);
				INFOPLIST_FILE = ChainAdSdkDemo/Info.plist;
				LD_RUNPATH_SEARCH_PATHS = (
					"$(inherited)",
					"@executable_path/Frameworks",
				);
				PRODUCT_BUNDLE_IDENTIFIER = com.youloft.test;
				PRODUCT_NAME = "$(TARGET_NAME)";
				TARGETED_DEVICE_FAMILY = "1,2";
			};
			name = Debug;
		};
		1567FDBA243EFE3A00047312 /* Release */ = {
			isa = XCBuildConfiguration;
			buildSettings = {
				ASSETCATALOG_COMPILER_APPICON_NAME = AppIcon;
				CODE_SIGN_ENTITLEMENTS = ChainAdSdkDemo/ChainAdSdkDemo.entitlements;
				CODE_SIGN_STYLE = Automatic;
				DEVELOPMENT_TEAM = DJY6A9FX2H;
				ENABLE_BITCODE = YES;
				FRAMEWORK_SEARCH_PATHS = (
					"$(inherited)",
					"$(PROJECT_DIR)/ChainAdSdkDemo",
				);
				INFOPLIST_FILE = ChainAdSdkDemo/Info.plist;
				LD_RUNPATH_SEARCH_PATHS = (
					"$(inherited)",
					"@executable_path/Frameworks",
				);
				PRODUCT_BUNDLE_IDENTIFIER = com.youloft.test;
				PRODUCT_NAME = "$(TARGET_NAME)";
				TARGETED_DEVICE_FAMILY = "1,2";
			};
			name = Release;
		};
/* End XCBuildConfiguration section */

/* Begin XCConfigurationList section */
		1567FD9A243EFE3800047312 /* Build configuration list for PBXProject "ChainAdSdkDemo" */ = {
			isa = XCConfigurationList;
			buildConfigurations = (
				1567FDB6243EFE3A00047312 /* Debug */,
				1567FDB7243EFE3A00047312 /* Release */,
			);
			defaultConfigurationIsVisible = 0;
			defaultConfigurationName = Release;
		};
		1567FDB8243EFE3A00047312 /* Build configuration list for PBXNativeTarget "ChainAdSdkDemo" */ = {
			isa = XCConfigurationList;
			buildConfigurations = (
				1567FDB9243EFE3A00047312 /* Debug */,
				1567FDBA243EFE3A00047312 /* Release */,
			);
			defaultConfigurationIsVisible = 0;
			defaultConfigurationName = Release;
		};
/* End XCConfigurationList section */
	};
	rootObject = 1567FD97243EFE3800047312 /* Project object */;
}
